github.com/gorilla/mux v1.8.0 h1:i40aqfkR1h2SlN9hojwV5ZA91wcXFOvkdNIeFDP5koI=
github.com/gorilla/mux v1.8.0/go.mod h1:DVbg23sWSpFRCP0SfiEN6jmj59UnW/n46BH5rLB71So=
github.com/rumblefrog/go-a2s v1.0.0 h1:9IIVIOQ1bXZJeTilmzkJDeGa/9W1c089VciTbp+Wp1Y=
github.com/rumblefrog/go-a2s v1.0.0/go.mod h1:JwbTgMTRGZcWzr3T2MUfDusrJU5Bdg8biEeZzPtN0So=
